Microsoft Visual Studio Solution File, Format Version 11.00
# Visual Studio 2008

Project("{6420034E-BE51-C4BE-10B9-D08F5055B1F6}") = "VoxelUnity", "Assembly-CSharp-vs.csproj", "{BCD5D5A3-5099-8212-2E60-0E90D197EADE}"
EndProject
Global
	GlobalSection(SolutionConfigurationPlatforms) = preSolution
		Debug|Any CPU = Debug|Any CPU
		Release|Any CPU = Release|Any CPU
	EndGlobalSection
	GlobalSection(ProjectConfigurationPlatforms) = postSolution
		{BCD5D5A3-5099-8212-2E60-0E90D197EADE}.Debug|Any CPU.ActiveCfg = Debug|Any CPU
		{BCD5D5A3-5099-8212-2E60-0E90D197EADE}.Debug|Any CPU.Build.0 = Debug|Any CPU
		{BCD5D5A3-5099-8212-2E60-0E90D197EADE}.Release|Any CPU.ActiveCfg = Release|Any CPU
		{BCD5D5A3-5099-8212-2E60-0E90D197EADE}.Release|Any CPU.Build.0 = Release|Any CPU
	EndGlobalSection
	GlobalSection(SolutionProperties) = preSolution
		HideSolutionNode = FALSE
	EndGlobalSection
			GlobalSection(MonoDevelopProperties) = preSolution
		StartupItem = Assembly-CSharp.csproj
		Policies = $0
		$0.TextStylePolicy = $1
		$1.inheritsSet = null
		$1.scope = text/x-csharp
		$0.CSharpFormattingPolicy = $2
		$2.inheritsSet = Mono
		$2.inheritsScope = text/x-csharp
		$2.scope = text/x-csharp
		$0.TextStylePolicy = $3
		$3.FileWidth = 120
		$3.TabWidth = 4
		$3.IndentWidth = 4
		$3.EolMarker = Unix
		$3.inheritsSet = Mono
		$3.inheritsScope = text/plain
		$3.scope = text/plain
	EndGlobalSection

EndGlobal
